
Microsoft Visual Studio Solution File, Format Version 12.00
# Visual Studio 2012
Project("{8BC9CEB8-8B4A-11D0-8D11-00A0C91BC942}") = "Ex02", "Ex02\Ex02.vcxproj", "{511E78BB-FC41-4644-B3D7-A19A2C608DC1}"
EndProject
Global
	GlobalSection(SolutionConfigurationPlatforms) = preSolution
		Debug|Win32 = Debug|Win32
		Release|Win32 = Release|Win32
	EndGlobalSection
	GlobalSection(ProjectConfigurationPlatforms) = postSolution
		{511E78BB-FC41-4644-B3D7-A19A2C608DC1}.Debug|Win32.ActiveCfg = Debug|Win32
		{511E78BB-FC41-4644-B3D7-A19A2C608DC1}.Debug|Win32.Build.0 = Debug|Win32
		{511E78BB-FC41-4644-B3D7-A19A2C608DC1}.Release|Win32.ActiveCfg = Release|Win32
		{511E78BB-FC41-4644-B3D7-A19A2C608DC1}.Release|Win32.Build.0 = Release|Win32
	EndGlobalSection
	GlobalSection(SolutionProperties) = preSolution
		HideSolutionNode = FALSE
	EndGlobalSection
EndGlobal
