
Microsoft Visual Studio Solution File, Format Version 12.00
# Visual Studio 2012
Project("{8BC9CEB8-8B4A-11D0-8D11-00A0C91BC942}") = "Example01-02-ShinyJet", "Example01-02-ShinyJet.vcxproj", "{4721EF52-D55E-4CEB-95E6-E8E427A1E7D0}"
EndProject
Global
	GlobalSection(SolutionConfigurationPlatforms) = preSolution
		Debug|Win32 = Debug|Win32
		Release|Win32 = Release|Win32
	EndGlobalSection
	GlobalSection(ProjectConfigurationPlatforms) = postSolution
		{4721EF52-D55E-4CEB-95E6-E8E427A1E7D0}.Debug|Win32.ActiveCfg = Debug|Win32
		{4721EF52-D55E-4CEB-95E6-E8E427A1E7D0}.Debug|Win32.Build.0 = Debug|Win32
		{4721EF52-D55E-4CEB-95E6-E8E427A1E7D0}.Release|Win32.ActiveCfg = Release|Win32
		{4721EF52-D55E-4CEB-95E6-E8E427A1E7D0}.Release|Win32.Build.0 = Release|Win32
	EndGlobalSection
	GlobalSection(SolutionProperties) = preSolution
		HideSolutionNode = FALSE
	EndGlobalSection
EndGlobal
