
Microsoft Visual Studio Solution File, Format Version 12.00
# Visual Studio 2012
Project("{8BC9CEB8-8B4A-11D0-8D11-00A0C91BC942}") = "Example01-DrawSpringVertex", "Example01-DrawSpringVertex\Example01-DrawSpringVertex.vcxproj", "{E4E9CD17-58EE-417F-9950-160AF971508D}"
EndProject
Global
	GlobalSection(SolutionConfigurationPlatforms) = preSolution
		Debug|Win32 = Debug|Win32
		Release|Win32 = Release|Win32
	EndGlobalSection
	GlobalSection(ProjectConfigurationPlatforms) = postSolution
		{E4E9CD17-58EE-417F-9950-160AF971508D}.Debug|Win32.ActiveCfg = Debug|Win32
		{E4E9CD17-58EE-417F-9950-160AF971508D}.Debug|Win32.Build.0 = Debug|Win32
		{E4E9CD17-58EE-417F-9950-160AF971508D}.Release|Win32.ActiveCfg = Release|Win32
		{E4E9CD17-58EE-417F-9950-160AF971508D}.Release|Win32.Build.0 = Release|Win32
	EndGlobalSection
	GlobalSection(SolutionProperties) = preSolution
		HideSolutionNode = FALSE
	EndGlobalSection
EndGlobal
